
Microsoft Visual Studio Solution File, Format Version 12.00
# Visual Studio Version 17
VisualStudioVersion = 17.0.32112.339
MinimumVisualStudioVersion = 10.0.40219.1
Project("{9A19103F-16F7-4668-BE54-9A1E7A4F7556}") = "Vidly", "WebApplication3\Vidly.csproj", "{79A9CE55-29E2-4702-B5A8-2226723CDC94}"
EndProject
Project("{FAE04EC0-301F-11D3-BF4B-00C04F79EFBC}") = "RequestHelper", "apiRequestHelper\RequestHelper.csproj", "{3E245BB0-5FA9-465F-8658-8644A7617116}"
EndProject
Global
	GlobalSection(SolutionConfigurationPlatforms) = preSolution
		Debug|Any CPU = Debug|Any CPU
		Release|Any CPU = Release|Any CPU
	EndGlobalSection
	GlobalSection(ProjectConfigurationPlatforms) = postSolution
		{79A9CE55-29E2-4702-B5A8-2226723CDC94}.Debug|Any CPU.ActiveCfg = Debug|Any CPU
		{79A9CE55-29E2-4702-B5A8-2226723CDC94}.Debug|Any CPU.Build.0 = Debug|Any CPU
		{79A9CE55-29E2-4702-B5A8-2226723CDC94}.Release|Any CPU.ActiveCfg = Release|Any CPU
		{79A9CE55-29E2-4702-B5A8-2226723CDC94}.Release|Any CPU.Build.0 = Release|Any CPU
		{3E245BB0-5FA9-465F-8658-8644A7617116}.Debug|Any CPU.ActiveCfg = Debug|Any CPU
		{3E245BB0-5FA9-465F-8658-8644A7617116}.Debug|Any CPU.Build.0 = Debug|Any CPU
		{3E245BB0-5FA9-465F-8658-8644A7617116}.Release|Any CPU.ActiveCfg = Release|Any CPU
		{3E245BB0-5FA9-465F-8658-8644A7617116}.Release|Any CPU.Build.0 = Release|Any CPU
	EndGlobalSection
	GlobalSection(SolutionProperties) = preSolution
		HideSolutionNode = FALSE
	EndGlobalSection
	GlobalSection(ExtensibilityGlobals) = postSolution
		SolutionGuid = {1BE069C9-EBD5-4CB6-B814-F79AA806411A}
	EndGlobalSection
EndGlobal
